{
  "version": 4,
  "terraform_version": "1.3.3",
  "serial": 2,
  "lineage": "8c3aff61-62d5-3dd0-46f9-b1071c10eb71",
  "outputs": {},
  "resources": [
    {
      "mode": "managed",
      "type": "github_repository",
      "name": "Gitnew1",
      "provider": "provider[\"registry.terraform.io/integrations/github\"]",
      "instances": [
        {
          "schema_version": 0,
          "attributes": {
            "allow_auto_merge": false,
            "allow_merge_commit": true,
            "allow_rebase_merge": true,
            "allow_squash_merge": true,
            "archive_on_destroy": null,
            "archived": false,
            "auto_init": null,
            "branches": [],
            "default_branch": "main",
            "delete_branch_on_merge": false,
            "description": "Git Rep using terraform",
            "etag": "W/\"a31d24ceb0c2e603d2c4bb2817a879770cb5c85a8008cac31aa7d5d501956fc8\"",
            "full_name": "rohithleo15/Gitnew1",
            "git_clone_url": "git://github.com/rohithleo15/Gitnew1.git",
            "gitignore_template": null,
            "has_downloads": false,
            "has_issues": false,
            "has_projects": false,
            "has_wiki": false,
            "homepage_url": "",
            "html_url": "https://github.com/rohithleo15/Gitnew1",
            "http_clone_url": "https://github.com/rohithleo15/Gitnew1.git",
            "id": "Gitnew1",
            "ignore_vulnerability_alerts_during_read": null,
            "is_template": false,
            "license_template": null,
            "merge_commit_message": "PR_TITLE",
            "merge_commit_title": "MERGE_MESSAGE",
            "name": "Gitnew1",
            "node_id": "R_kgDOIV3_4A",
            "pages": [],
            "private": false,
            "repo_id": 559808480,
            "squash_merge_commit_message": "COMMIT_MESSAGES",
            "squash_merge_commit_title": "COMMIT_OR_PR_TITLE",
            "ssh_clone_url": "git@github.com:rohithleo15/Gitnew1.git",
            "svn_url": "https://github.com/rohithleo15/Gitnew1",
            "template": [],
            "topics": null,
            "visibility": "public",
            "vulnerability_alerts": false
          },
          "sensitive_attributes": [],
          "private": "bnVsbA=="
        }
      ]
    }
  ],
  "check_results": []
}
